
Microsoft Visual Studio Solution File, Format Version 12.00
# Visual Studio Version 16
VisualStudioVersion = 16.0.30320.27
MinimumVisualStudioVersion = 10.0.40219.1
Project("{FAE04EC0-301F-11D3-BF4B-00C04F79EFBC}") = "47", "47\47.csproj", "{EA6F8F80-0EA0-418C-B0DA-0330E48B68C4}"
EndProject
Global
	GlobalSection(SolutionConfigurationPlatforms) = preSolution
		Debug|Any CPU = Debug|Any CPU
		Release|Any CPU = Release|Any CPU
	EndGlobalSection
	GlobalSection(ProjectConfigurationPlatforms) = postSolution
		{EA6F8F80-0EA0-418C-B0DA-0330E48B68C4}.Debug|Any CPU.ActiveCfg = Debug|Any CPU
		{EA6F8F80-0EA0-418C-B0DA-0330E48B68C4}.Debug|Any CPU.Build.0 = Debug|Any CPU
		{EA6F8F80-0EA0-418C-B0DA-0330E48B68C4}.Release|Any CPU.ActiveCfg = Release|Any CPU
		{EA6F8F80-0EA0-418C-B0DA-0330E48B68C4}.Release|Any CPU.Build.0 = Release|Any CPU
	EndGlobalSection
	GlobalSection(SolutionProperties) = preSolution
		HideSolutionNode = FALSE
	EndGlobalSection
	GlobalSection(ExtensibilityGlobals) = postSolution
		SolutionGuid = {81A45F0F-5234-46CE-A9B8-E8EFF80D1D5A}
	EndGlobalSection
EndGlobal
