
Microsoft Visual Studio Solution File, Format Version 12.00
# Visual Studio Version 16
VisualStudioVersion = 16.0.30104.148
MinimumVisualStudioVersion = 10.0.40219.1
Project("{FAE04EC0-301F-11D3-BF4B-00C04F79EFBC}") = "Exercicio13-Lista01", "Exercicio13-Lista01\Exercicio13-Lista01.csproj", "{A35CD3E7-6794-4CAF-A9F0-8BD810EB8B8D}"
EndProject
Global
	GlobalSection(SolutionConfigurationPlatforms) = preSolution
		Debug|Any CPU = Debug|Any CPU
		Release|Any CPU = Release|Any CPU
	EndGlobalSection
	GlobalSection(ProjectConfigurationPlatforms) = postSolution
		{A35CD3E7-6794-4CAF-A9F0-8BD810EB8B8D}.Debug|Any CPU.ActiveCfg = Debug|Any CPU
		{A35CD3E7-6794-4CAF-A9F0-8BD810EB8B8D}.Debug|Any CPU.Build.0 = Debug|Any CPU
		{A35CD3E7-6794-4CAF-A9F0-8BD810EB8B8D}.Release|Any CPU.ActiveCfg = Release|Any CPU
		{A35CD3E7-6794-4CAF-A9F0-8BD810EB8B8D}.Release|Any CPU.Build.0 = Release|Any CPU
	EndGlobalSection
	GlobalSection(SolutionProperties) = preSolution
		HideSolutionNode = FALSE
	EndGlobalSection
	GlobalSection(ExtensibilityGlobals) = postSolution
		SolutionGuid = {3177B8DE-B2D2-4CA9-84FA-08B3B091A7D0}
	EndGlobalSection
EndGlobal
