
Microsoft Visual Studio Solution File, Format Version 12.00
# Visual Studio Version 16
VisualStudioVersion = 16.0.30104.148
MinimumVisualStudioVersion = 10.0.40219.1
Project("{FAE04EC0-301F-11D3-BF4B-00C04F79EFBC}") = "20", "20\20.csproj", "{9B44E85E-18DA-4BA6-A6F6-7B83C8089B14}"
EndProject
Global
	GlobalSection(SolutionConfigurationPlatforms) = preSolution
		Debug|Any CPU = Debug|Any CPU
		Release|Any CPU = Release|Any CPU
	EndGlobalSection
	GlobalSection(ProjectConfigurationPlatforms) = postSolution
		{9B44E85E-18DA-4BA6-A6F6-7B83C8089B14}.Debug|Any CPU.ActiveCfg = Debug|Any CPU
		{9B44E85E-18DA-4BA6-A6F6-7B83C8089B14}.Debug|Any CPU.Build.0 = Debug|Any CPU
		{9B44E85E-18DA-4BA6-A6F6-7B83C8089B14}.Release|Any CPU.ActiveCfg = Release|Any CPU
		{9B44E85E-18DA-4BA6-A6F6-7B83C8089B14}.Release|Any CPU.Build.0 = Release|Any CPU
	EndGlobalSection
	GlobalSection(SolutionProperties) = preSolution
		HideSolutionNode = FALSE
	EndGlobalSection
	GlobalSection(ExtensibilityGlobals) = postSolution
		SolutionGuid = {6FCEE588-973C-4918-A74D-6260BD33650C}
	EndGlobalSection
EndGlobal
