
Microsoft Visual Studio Solution File, Format Version 12.00
# Visual Studio Version 16
VisualStudioVersion = 16.0.30104.148
MinimumVisualStudioVersion = 10.0.40219.1
Project("{FAE04EC0-301F-11D3-BF4B-00C04F79EFBC}") = "Exercicio18-Lista1", "Exercicio18-Lista1\Exercicio18-Lista1.csproj", "{EB18237D-1AD6-44D8-B29D-D4472DBF9CE7}"
EndProject
Global
	GlobalSection(SolutionConfigurationPlatforms) = preSolution
		Debug|Any CPU = Debug|Any CPU
		Release|Any CPU = Release|Any CPU
	EndGlobalSection
	GlobalSection(ProjectConfigurationPlatforms) = postSolution
		{EB18237D-1AD6-44D8-B29D-D4472DBF9CE7}.Debug|Any CPU.ActiveCfg = Debug|Any CPU
		{EB18237D-1AD6-44D8-B29D-D4472DBF9CE7}.Debug|Any CPU.Build.0 = Debug|Any CPU
		{EB18237D-1AD6-44D8-B29D-D4472DBF9CE7}.Release|Any CPU.ActiveCfg = Release|Any CPU
		{EB18237D-1AD6-44D8-B29D-D4472DBF9CE7}.Release|Any CPU.Build.0 = Release|Any CPU
	EndGlobalSection
	GlobalSection(SolutionProperties) = preSolution
		HideSolutionNode = FALSE
	EndGlobalSection
	GlobalSection(ExtensibilityGlobals) = postSolution
		SolutionGuid = {6B4A3458-3696-4C3E-B6EC-AA6B92EA4E32}
	EndGlobalSection
EndGlobal
