
Microsoft Visual Studio Solution File, Format Version 12.00
# Visual Studio Version 16
VisualStudioVersion = 16.0.30104.148
MinimumVisualStudioVersion = 10.0.40219.1
Project("{FAE04EC0-301F-11D3-BF4B-00C04F79EFBC}") = "Exercicio14-Lista01", "Exercicio14-Lista01\Exercicio14-Lista01.csproj", "{047AEDEC-F8D5-413C-B06F-EE48B0232A1C}"
EndProject
Global
	GlobalSection(SolutionConfigurationPlatforms) = preSolution
		Debug|Any CPU = Debug|Any CPU
		Release|Any CPU = Release|Any CPU
	EndGlobalSection
	GlobalSection(ProjectConfigurationPlatforms) = postSolution
		{047AEDEC-F8D5-413C-B06F-EE48B0232A1C}.Debug|Any CPU.ActiveCfg = Debug|Any CPU
		{047AEDEC-F8D5-413C-B06F-EE48B0232A1C}.Debug|Any CPU.Build.0 = Debug|Any CPU
		{047AEDEC-F8D5-413C-B06F-EE48B0232A1C}.Release|Any CPU.ActiveCfg = Release|Any CPU
		{047AEDEC-F8D5-413C-B06F-EE48B0232A1C}.Release|Any CPU.Build.0 = Release|Any CPU
	EndGlobalSection
	GlobalSection(SolutionProperties) = preSolution
		HideSolutionNode = FALSE
	EndGlobalSection
	GlobalSection(ExtensibilityGlobals) = postSolution
		SolutionGuid = {E7819F32-2E9A-4C5C-9D49-681A9AE98102}
	EndGlobalSection
EndGlobal
