
Microsoft Visual Studio Solution File, Format Version 12.00
# Visual Studio Version 16
VisualStudioVersion = 16.0.30320.27
MinimumVisualStudioVersion = 10.0.40219.1
Project("{FAE04EC0-301F-11D3-BF4B-00C04F79EFBC}") = "39", "39\39.csproj", "{20967198-4A77-43AC-B5E7-6C8D36308FAC}"
EndProject
Global
	GlobalSection(SolutionConfigurationPlatforms) = preSolution
		Debug|Any CPU = Debug|Any CPU
		Release|Any CPU = Release|Any CPU
	EndGlobalSection
	GlobalSection(ProjectConfigurationPlatforms) = postSolution
		{20967198-4A77-43AC-B5E7-6C8D36308FAC}.Debug|Any CPU.ActiveCfg = Debug|Any CPU
		{20967198-4A77-43AC-B5E7-6C8D36308FAC}.Debug|Any CPU.Build.0 = Debug|Any CPU
		{20967198-4A77-43AC-B5E7-6C8D36308FAC}.Release|Any CPU.ActiveCfg = Release|Any CPU
		{20967198-4A77-43AC-B5E7-6C8D36308FAC}.Release|Any CPU.Build.0 = Release|Any CPU
	EndGlobalSection
	GlobalSection(SolutionProperties) = preSolution
		HideSolutionNode = FALSE
	EndGlobalSection
	GlobalSection(ExtensibilityGlobals) = postSolution
		SolutionGuid = {0DA1A138-65D8-46CE-BBBF-FA5D218E6CCE}
	EndGlobalSection
EndGlobal
