
Microsoft Visual Studio Solution File, Format Version 12.00
# Visual Studio Version 16
VisualStudioVersion = 16.0.30320.27
MinimumVisualStudioVersion = 10.0.40219.1
Project("{FAE04EC0-301F-11D3-BF4B-00C04F79EFBC}") = "41", "41\41.csproj", "{96ECB667-1C27-4ABA-8EBC-D3AF39CE6F1C}"
EndProject
Global
	GlobalSection(SolutionConfigurationPlatforms) = preSolution
		Debug|Any CPU = Debug|Any CPU
		Release|Any CPU = Release|Any CPU
	EndGlobalSection
	GlobalSection(ProjectConfigurationPlatforms) = postSolution
		{96ECB667-1C27-4ABA-8EBC-D3AF39CE6F1C}.Debug|Any CPU.ActiveCfg = Debug|Any CPU
		{96ECB667-1C27-4ABA-8EBC-D3AF39CE6F1C}.Debug|Any CPU.Build.0 = Debug|Any CPU
		{96ECB667-1C27-4ABA-8EBC-D3AF39CE6F1C}.Release|Any CPU.ActiveCfg = Release|Any CPU
		{96ECB667-1C27-4ABA-8EBC-D3AF39CE6F1C}.Release|Any CPU.Build.0 = Release|Any CPU
	EndGlobalSection
	GlobalSection(SolutionProperties) = preSolution
		HideSolutionNode = FALSE
	EndGlobalSection
	GlobalSection(ExtensibilityGlobals) = postSolution
		SolutionGuid = {9D325781-4D1C-469C-9CA6-2077413CF6CD}
	EndGlobalSection
EndGlobal
