
Microsoft Visual Studio Solution File, Format Version 12.00
# Visual Studio Version 16
VisualStudioVersion = 16.0.30104.148
MinimumVisualStudioVersion = 10.0.40219.1
Project("{FAE04EC0-301F-11D3-BF4B-00C04F79EFBC}") = "Exercicio16-Lista1", "Exercicio16-Lista1\Exercicio16-Lista1.csproj", "{AF19C6E4-972E-4C0D-B6C9-DBBF8F68B39E}"
EndProject
Global
	GlobalSection(SolutionConfigurationPlatforms) = preSolution
		Debug|Any CPU = Debug|Any CPU
		Release|Any CPU = Release|Any CPU
	EndGlobalSection
	GlobalSection(ProjectConfigurationPlatforms) = postSolution
		{AF19C6E4-972E-4C0D-B6C9-DBBF8F68B39E}.Debug|Any CPU.ActiveCfg = Debug|Any CPU
		{AF19C6E4-972E-4C0D-B6C9-DBBF8F68B39E}.Debug|Any CPU.Build.0 = Debug|Any CPU
		{AF19C6E4-972E-4C0D-B6C9-DBBF8F68B39E}.Release|Any CPU.ActiveCfg = Release|Any CPU
		{AF19C6E4-972E-4C0D-B6C9-DBBF8F68B39E}.Release|Any CPU.Build.0 = Release|Any CPU
	EndGlobalSection
	GlobalSection(SolutionProperties) = preSolution
		HideSolutionNode = FALSE
	EndGlobalSection
	GlobalSection(ExtensibilityGlobals) = postSolution
		SolutionGuid = {2EFDD731-5D2A-40AA-8958-A207A0144309}
	EndGlobalSection
EndGlobal
