
Microsoft Visual Studio Solution File, Format Version 12.00
# Visual Studio Version 16
VisualStudioVersion = 16.0.30309.148
MinimumVisualStudioVersion = 10.0.40219.1
Project("{FAE04EC0-301F-11D3-BF4B-00C04F79EFBC}") = "37", "37\37.csproj", "{B6133AF2-178C-421C-8489-F9E13789806A}"
EndProject
Global
	GlobalSection(SolutionConfigurationPlatforms) = preSolution
		Debug|Any CPU = Debug|Any CPU
		Release|Any CPU = Release|Any CPU
	EndGlobalSection
	GlobalSection(ProjectConfigurationPlatforms) = postSolution
		{B6133AF2-178C-421C-8489-F9E13789806A}.Debug|Any CPU.ActiveCfg = Debug|Any CPU
		{B6133AF2-178C-421C-8489-F9E13789806A}.Debug|Any CPU.Build.0 = Debug|Any CPU
		{B6133AF2-178C-421C-8489-F9E13789806A}.Release|Any CPU.ActiveCfg = Release|Any CPU
		{B6133AF2-178C-421C-8489-F9E13789806A}.Release|Any CPU.Build.0 = Release|Any CPU
	EndGlobalSection
	GlobalSection(SolutionProperties) = preSolution
		HideSolutionNode = FALSE
	EndGlobalSection
	GlobalSection(ExtensibilityGlobals) = postSolution
		SolutionGuid = {E46A3756-7674-47CD-8C27-AB02CBB50C12}
	EndGlobalSection
EndGlobal
