
Microsoft Visual Studio Solution File, Format Version 12.00
# Visual Studio Version 16
VisualStudioVersion = 16.0.30523.141
MinimumVisualStudioVersion = 10.0.40219.1
Project("{FAE04EC0-301F-11D3-BF4B-00C04F79EFBC}") = "ex44", "ex44\ex44.csproj", "{7CF0CD74-94C5-4021-9060-5086FBD4EABE}"
EndProject
Global
	GlobalSection(SolutionConfigurationPlatforms) = preSolution
		Debug|Any CPU = Debug|Any CPU
		Release|Any CPU = Release|Any CPU
	EndGlobalSection
	GlobalSection(ProjectConfigurationPlatforms) = postSolution
		{7CF0CD74-94C5-4021-9060-5086FBD4EABE}.Debug|Any CPU.ActiveCfg = Debug|Any CPU
		{7CF0CD74-94C5-4021-9060-5086FBD4EABE}.Debug|Any CPU.Build.0 = Debug|Any CPU
		{7CF0CD74-94C5-4021-9060-5086FBD4EABE}.Release|Any CPU.ActiveCfg = Release|Any CPU
		{7CF0CD74-94C5-4021-9060-5086FBD4EABE}.Release|Any CPU.Build.0 = Release|Any CPU
	EndGlobalSection
	GlobalSection(SolutionProperties) = preSolution
		HideSolutionNode = FALSE
	EndGlobalSection
	GlobalSection(ExtensibilityGlobals) = postSolution
		SolutionGuid = {56E238C9-E78F-492B-B479-BADDF636E127}
	EndGlobalSection
EndGlobal
