
Microsoft Visual Studio Solution File, Format Version 12.00
# Visual Studio Version 16
VisualStudioVersion = 16.0.30523.141
MinimumVisualStudioVersion = 10.0.40219.1
Project("{FAE04EC0-301F-11D3-BF4B-00C04F79EFBC}") = "ex46", "ex46\ex46.csproj", "{C4A91C5B-F453-4F07-95DD-2FC0DD8E0C00}"
EndProject
Global
	GlobalSection(SolutionConfigurationPlatforms) = preSolution
		Debug|Any CPU = Debug|Any CPU
		Release|Any CPU = Release|Any CPU
	EndGlobalSection
	GlobalSection(ProjectConfigurationPlatforms) = postSolution
		{C4A91C5B-F453-4F07-95DD-2FC0DD8E0C00}.Debug|Any CPU.ActiveCfg = Debug|Any CPU
		{C4A91C5B-F453-4F07-95DD-2FC0DD8E0C00}.Debug|Any CPU.Build.0 = Debug|Any CPU
		{C4A91C5B-F453-4F07-95DD-2FC0DD8E0C00}.Release|Any CPU.ActiveCfg = Release|Any CPU
		{C4A91C5B-F453-4F07-95DD-2FC0DD8E0C00}.Release|Any CPU.Build.0 = Release|Any CPU
	EndGlobalSection
	GlobalSection(SolutionProperties) = preSolution
		HideSolutionNode = FALSE
	EndGlobalSection
	GlobalSection(ExtensibilityGlobals) = postSolution
		SolutionGuid = {AE2FCDE3-4A46-49C8-916F-1760DFC389FB}
	EndGlobalSection
EndGlobal
